
Microsoft Visual Studio Solution File, Format Version 12.00
# Visual Studio Version 16
VisualStudioVersion = 16.0.30114.105
MinimumVisualStudioVersion = 10.0.40219.1
Project("{2150E333-8FDC-42A3-9474-1A3956D46DE8}") = "src", "src", "{C8C3D991-5D36-42B2-8DD9-F85AA019ED7E}"
EndProject
Project("{FAE04EC0-301F-11D3-BF4B-00C04F79EFBC}") = "CleanArchitecture.Scaffolder", "src\CleanArchitecture.Scaffolder\CleanArchitecture.Scaffolder.csproj", "{B115228F-A751-4D95-BED1-0C5BC30DBB6D}"
EndProject
Global
	GlobalSection(SolutionConfigurationPlatforms) = preSolution
		Debug|Any CPU = Debug|Any CPU
		Release|Any CPU = Release|Any CPU
	EndGlobalSection
	GlobalSection(SolutionProperties) = preSolution
		HideSolutionNode = FALSE
	EndGlobalSection
	GlobalSection(ProjectConfigurationPlatforms) = postSolution
		{B115228F-A751-4D95-BED1-0C5BC30DBB6D}.Debug|Any CPU.ActiveCfg = Debug|Any CPU
		{B115228F-A751-4D95-BED1-0C5BC30DBB6D}.Debug|Any CPU.Build.0 = Debug|Any CPU
		{B115228F-A751-4D95-BED1-0C5BC30DBB6D}.Release|Any CPU.ActiveCfg = Release|Any CPU
		{B115228F-A751-4D95-BED1-0C5BC30DBB6D}.Release|Any CPU.Build.0 = Release|Any CPU
	EndGlobalSection
	GlobalSection(NestedProjects) = preSolution
		{B115228F-A751-4D95-BED1-0C5BC30DBB6D} = {C8C3D991-5D36-42B2-8DD9-F85AA019ED7E}
	EndGlobalSection
EndGlobal
